// !$*UTF8*$!
{
	archiveVersion = 1;
	classes = {
	};
	objectVersion = 50;
	objects = {

/* Begin PBXBuildFile section */
		A157188822A2ED17005090A5 /* AppDelegate.swift in Sources */ = {isa = PBXBuildFile; fileRef = A157188722A2ED17005090A5 /* AppDelegate.swift */; };
		A157188A22A2ED17005090A5 /* ViewController.swift in Sources */ = {isa = PBXBuildFile; fileRef = A157188922A2ED17005090A5 /* ViewController.swift */; };
		A157188D22A2ED17005090A5 /* Main.storyboard in Resources */ = {isa = PBXBuildFile; fileRef = A157188B22A2ED17005090A5 /* Main.storyboard */; };
		A157188F22A2ED1F005090A5 /* Assets.xcassets in Resources */ = {isa = PBXBuildFile; fileRef = A157188E22A2ED1F005090A5 /* Assets.xcassets */; };
		A157189222A2ED1F005090A5 /* LaunchScreen.storyboard in Resources */ = {isa = PBXBuildFile; fileRef = A157189022A2ED1F005090A5 /* LaunchScreen.storyboard */; };
		A157189D22A2ED21005090A5 /* HW5Tests.swift in Sources */ = {isa = PBXBuildFile; fileRef = A157189C22A2ED21005090A5 /* HW5Tests.swift */; };
		A15718A822A2ED21005090A5 /* HW5UITests.swift in Sources */ = {isa = PBXBuildFile; fileRef = A15718A722A2ED21005090A5 /* HW5UITests.swift */; };
		A15718B622A2EDFD005090A5 /* TableViewController.swift in Sources */ = {isa = PBXBuildFile; fileRef = A15718B522A2EDFD005090A5 /* TableViewController.swift */; };
		A15718BD22A2EF47005090A5 /* TableViewCell.swift in Sources */ = {isa = PBXBuildFile; fileRef = A15718BB22A2EF47005090A5 /* TableViewCell.swift */; };
		A15718BE22A2EF47005090A5 /* TableViewCell.xib in Resources */ = {isa = PBXBuildFile; fileRef = A15718BC22A2EF47005090A5 /* TableViewCell.xib */; };
/* End PBXBuildFile section */

/* Begin PBXContainerItemProxy section */
		A157189922A2ED21005090A5 /* PBXContainerItemProxy */ = {
			isa = PBXContainerItemProxy;
			containerPortal = A157187C22A2ED17005090A5 /* Project object */;
			proxyType = 1;
			remoteGlobalIDString = A157188322A2ED17005090A5;
			remoteInfo = HW5;
		};
		A15718A422A2ED21005090A5 /* PBXContainerItemProxy */ = {
			isa = PBXContainerItemProxy;
			containerPortal = A157187C22A2ED17005090A5 /* Project object */;
			proxyType = 1;
			remoteGlobalIDString = A157188322A2ED17005090A5;
			remoteInfo = HW5;
		};
/* End PBXContainerItemProxy section */

/* Begin PBXFileReference section */
		A157188422A2ED17005090A5 /* HW5.app */ = {isa = PBXFileReference; explicitFileType = wrapper.application; includeInIndex = 0; path = HW5.app; sourceTree = BUILT_PRODUCTS_DIR; };
		A157188722A2ED17005090A5 /* AppDelegate.swift */ = {isa = PBXFileReference; lastKnownFileType = sourcecode.swift; path = AppDelegate.swift; sourceTree = "<group>"; };
		A157188922A2ED17005090A5 /* ViewController.swift */ = {isa = PBXFileReference; lastKnownFileType = sourcecode.swift; path = ViewController.swift; sourceTree = "<group>"; };
		A157188C22A2ED17005090A5 /* Base */ = {isa = PBXFileReference; lastKnownFileType = file.storyboard; name = Base; path = Base.lproj/Main.storyboard; sourceTree = "<group>"; };
		A157188E22A2ED1F005090A5 /* Assets.xcassets */ = {isa = PBXFileReference; lastKnownFileType = folder.assetcatalog; path = Assets.xcassets; sourceTree = "<group>"; };
		A157189122A2ED1F005090A5 /* Base */ = {isa = PBXFileReference; lastKnownFileType = file.storyboard; name = Base; path = Base.lproj/LaunchScreen.storyboard; sourceTree = "<group>"; };
		A157189322A2ED1F005090A5 /* Info.plist */ = {isa = PBXFileReference; lastKnownFileType = text.plist.xml; path = Info.plist; sourceTree = "<group>"; };
		A157189822A2ED21005090A5 /* HW5Tests.xctest */ = {isa = PBXFileReference; explicitFileType = wrapper.cfbundle; includeInIndex = 0; path = HW5Tests.xctest; sourceTree = BUILT_PRODUCTS_DIR; };
		A157189C22A2ED21005090A5 /* HW5Tests.swift */ = {isa = PBXFileReference; lastKnownFileType = sourcecode.swift; path = HW5Tests.swift; sourceTree = "<group>"; };
		A157189E22A2ED21005090A5 /* Info.plist */ = {isa = PBXFileReference; lastKnownFileType = text.plist.xml; path = Info.plist; sourceTree = "<group>"; };
		A15718A322A2ED21005090A5 /* HW5UITests.xctest */ = {isa = PBXFileReference; explicitFileType = wrapper.cfbundle; includeInIndex = 0; path = HW5UITests.xctest; sourceTree = BUILT_PRODUCTS_DIR; };
		A15718A722A2ED21005090A5 /* HW5UITests.swift */ = {isa = PBXFileReference; lastKnownFileType = sourcecode.swift; path = HW5UITests.swift; sourceTree = "<group>"; };
		A15718A922A2ED21005090A5 /* Info.plist */ = {isa = PBXFileReference; lastKnownFileType = text.plist.xml; path = Info.plist; sourceTree = "<group>"; };
		A15718B522A2EDFD005090A5 /* TableViewController.swift */ = {isa = PBXFileReference; lastKnownFileType = sourcecode.swift; path = TableViewController.swift; sourceTree = "<group>"; };
		A15718BB22A2EF47005090A5 /* TableViewCell.swift */ = {isa = PBXFileReference; lastKnownFileType = sourcecode.swift; path = TableViewCell.swift; sourceTree = "<group>"; };
		A15718BC22A2EF47005090A5 /* TableViewCell.xib */ = {isa = PBXFileReference; lastKnownFileType = file.xib; path = TableViewCell.xib; sourceTree = "<group>"; };
/* End PBXFileReference section */

/* Begin PBXFrameworksBuildPhase section */
		A157188122A2ED17005090A5 /* Frameworks */ = {
			isa = PBXFrameworksBuildPhase;
			buildActionMask = 2147483647;
			files = (
			);
			runOnlyForDeploymentPostprocessing = 0;
		};
		A157189522A2ED21005090A5 /* Frameworks */ = {
			isa = PBXFrameworksBuildPhase;
			buildActionMask = 2147483647;
			files = (
			);
			runOnlyForDeploymentPostprocessing = 0;
		};
		A15718A022A2ED21005090A5 /* Frameworks */ = {
			isa = PBXFrameworksBuildPhase;
			buildActionMask = 2147483647;
			files = (
			);
			runOnlyForDeploymentPostprocessing = 0;
		};
/* End PBXFrameworksBuildPhase section */

/* Begin PBXGroup section */
		A157187B22A2ED17005090A5 = {
			isa = PBXGroup;
			children = (
				A157188622A2ED17005090A5 /* HW5 */,
				A157189B22A2ED21005090A5 /* HW5Tests */,
				A15718A622A2ED21005090A5 /* HW5UITests */,
				A157188522A2ED17005090A5 /* Products */,
			);
			sourceTree = "<group>";
		};
		A157188522A2ED17005090A5 /* Products */ = {
			isa = PBXGroup;
			children = (
				A157188422A2ED17005090A5 /* HW5.app */,
				A157189822A2ED21005090A5 /* HW5Tests.xctest */,
				A15718A322A2ED21005090A5 /* HW5UITests.xctest */,
			);
			name = Products;
			sourceTree = "<group>";
		};
		A157188622A2ED17005090A5 /* HW5 */ = {
			isa = PBXGroup;
			children = (
				A157188722A2ED17005090A5 /* AppDelegate.swift */,
				A157188922A2ED17005090A5 /* ViewController.swift */,
				A157188B22A2ED17005090A5 /* Main.storyboard */,
				A157188E22A2ED1F005090A5 /* Assets.xcassets */,
				A157189022A2ED1F005090A5 /* LaunchScreen.storyboard */,
				A157189322A2ED1F005090A5 /* Info.plist */,
				A15718B522A2EDFD005090A5 /* TableViewController.swift */,
				A15718BB22A2EF47005090A5 /* TableViewCell.swift */,
				A15718BC22A2EF47005090A5 /* TableViewCell.xib */,
			);
			path = HW5;
			sourceTree = "<group>";
		};
		A157189B22A2ED21005090A5 /* HW5Tests */ = {
			isa = PBXGroup;
			children = (
				A157189C22A2ED21005090A5 /* HW5Tests.swift */,
				A157189E22A2ED21005090A5 /* Info.plist */,
			);
			path = HW5Tests;
			sourceTree = "<group>";
		};
		A15718A622A2ED21005090A5 /* HW5UITests */ = {
			isa = PBXGroup;
			children = (
				A15718A722A2ED21005090A5 /* HW5UITests.swift */,
				A15718A922A2ED21005090A5 /* Info.plist */,
			);
			path = HW5UITests;
			sourceTree = "<group>";
		};
/* End PBXGroup section */

/* Begin PBXNativeTarget section */
		A157188322A2ED17005090A5 /* HW5 */ = {
			isa = PBXNativeTarget;
			buildConfigurationList = A15718AC22A2ED21005090A5 /* Build configuration list for PBXNativeTarget "HW5" */;
			buildPhases = (
				A157188022A2ED17005090A5 /* Sources */,
				A157188122A2ED17005090A5 /* Frameworks */,
				A157188222A2ED17005090A5 /* Resources */,
			);
			buildRules = (
			);
			dependencies = (
			);
			name = HW5;
			productName = HW5;
			productReference = A157188422A2ED17005090A5 /* HW5.app */;
			productType = "com.apple.product-type.application";
		};
		A157189722A2ED21005090A5 /* HW5Tests */ = {
			isa = PBXNativeTarget;
			buildConfigurationList = A15718AF22A2ED21005090A5 /* Build configuration list for PBXNativeTarget "HW5Tests" */;
			buildPhases = (
				A157189422A2ED21005090A5 /* Sources */,
				A157189522A2ED21005090A5 /* Frameworks */,
				A157189622A2ED21005090A5 /* Resources */,
			);
			buildRules = (
			);
			dependencies = (
				A157189A22A2ED21005090A5 /* PBXTargetDependency */,
			);
			name = HW5Tests;
			productName = HW5Tests;
			productReference = A157189822A2ED21005090A5 /* HW5Tests.xctest */;
			productType = "com.apple.product-type.bundle.unit-test";
		};
		A15718A222A2ED21005090A5 /* HW5UITests */ = {
			isa = PBXNativeTarget;
			buildConfigurationList = A15718B222A2ED21005090A5 /* Build configuration list for PBXNativeTarget "HW5UITests" */;
			buildPhases = (
				A157189F22A2ED21005090A5 /* Sources */,
				A15718A022A2ED21005090A5 /* Frameworks */,
				A15718A122A2ED21005090A5 /* Resources */,
			);
			buildRules = (
			);
			dependencies = (
				A15718A522A2ED21005090A5 /* PBXTargetDependency */,
			);
			name = HW5UITests;
			productName = HW5UITests;
			productReference = A15718A322A2ED21005090A5 /* HW5UITests.xctest */;
			productType = "com.apple.product-type.bundle.ui-testing";
		};
/* End PBXNativeTarget section */

/* Begin PBXProject section */
		A157187C22A2ED17005090A5 /* Project object */ = {
			isa = PBXProject;
			attributes = {
				LastSwiftUpdateCheck = 1010;
				LastUpgradeCheck = 1010;
				ORGANIZATIONNAME = "野崎絵未里";
				TargetAttributes = {
					A157188322A2ED17005090A5 = {
						CreatedOnToolsVersion = 10.1;
					};
					A157189722A2ED21005090A5 = {
						CreatedOnToolsVersion = 10.1;
						TestTargetID = A157188322A2ED17005090A5;
					};
					A15718A222A2ED21005090A5 = {
						CreatedOnToolsVersion = 10.1;
						TestTargetID = A157188322A2ED17005090A5;
					};
				};
			};
			buildConfigurationList = A157187F22A2ED17005090A5 /* Build configuration list for PBXProject "HW5" */;
			compatibilityVersion = "Xcode 9.3";
			developmentRegion = en;
			hasScannedForEncodings = 0;
			knownRegions = (
				en,
				Base,
			);
			mainGroup = A157187B22A2ED17005090A5;
			productRefGroup = A157188522A2ED17005090A5 /* Products */;
			projectDirPath = "";
			projectRoot = "";
			targets = (
				A157188322A2ED17005090A5 /* HW5 */,
				A157189722A2ED21005090A5 /* HW5Tests */,
				A15718A222A2ED21005090A5 /* HW5UITests */,
			);
		};
/* End PBXProject section */

/* Begin PBXResourcesBuildPhase section */
		A157188222A2ED17005090A5 /* Resources */ = {
			isa = PBXResourcesBuildPhase;
			buildActionMask = 2147483647;
			files = (
				A157189222A2ED1F005090A5 /* LaunchScreen.storyboard in Resources */,
				A15718BE22A2EF47005090A5 /* TableViewCell.xib in Resources */,
				A157188F22A2ED1F005090A5 /* Assets.xcassets in Resources */,
				A157188D22A2ED17005090A5 /* Main.storyboard in Resources */,
			);
			runOnlyForDeploymentPostprocessing = 0;
		};
		A157189622A2ED21005090A5 /* Resources */ = {
			isa = PBXResourcesBuildPhase;
			buildActionMask = 2147483647;
			files = (
			);
			runOnlyForDeploymentPostprocessing = 0;
		};
		A15718A122A2ED21005090A5 /* Resources */ = {
			isa = PBXResourcesBuildPhase;
			buildActionMask = 2147483647;
			files = (
			);
			runOnlyForDeploymentPostprocessing = 0;
		};
/* End PBXResourcesBuildPhase section */

/* Begin PBXSourcesBuildPhase section */
		A157188022A2ED17005090A5 /* Sources */ = {
			isa = PBXSourcesBuildPhase;
			buildActionMask = 2147483647;
			files = (
				A157188A22A2ED17005090A5 /* ViewController.swift in Sources */,
				A15718BD22A2EF47005090A5 /* TableViewCell.swift in Sources */,
				A15718B622A2EDFD005090A5 /* TableViewController.swift in Sources */,
				A157188822A2ED17005090A5 /* AppDelegate.swift in Sources */,
			);
			runOnlyForDeploymentPostprocessing = 0;
		};
		A157189422A2ED21005090A5 /* Sources */ = {
			isa = PBXSourcesBuildPhase;
			buildActionMask = 2147483647;
			files = (
				A157189D22A2ED21005090A5 /* HW5Tests.swift in Sources */,
			);
			runOnlyForDeploymentPostprocessing = 0;
		};
		A157189F22A2ED21005090A5 /* Sources */ = {
			isa = PBXSourcesBuildPhase;
			buildActionMask = 2147483647;
			files = (
				A15718A822A2ED21005090A5 /* HW5UITests.swift in Sources */,
			);
			runOnlyForDeploymentPostprocessing = 0;
		};
/* End PBXSourcesBuildPhase section */

/* Begin PBXTargetDependency section */
		A157189A22A2ED21005090A5 /* PBXTargetDependency */ = {
			isa = PBXTargetDependency;
			target = A157188322A2ED17005090A5 /* HW5 */;
			targetProxy = A157189922A2ED21005090A5 /* PBXContainerItemProxy */;
		};
		A15718A522A2ED21005090A5 /* PBXTargetDependency */ = {
			isa = PBXTargetDependency;
			target = A157188322A2ED17005090A5 /* HW5 */;
			targetProxy = A15718A422A2ED21005090A5 /* PBXContainerItemProxy */;
		};
/* End PBXTargetDependency section */

/* Begin PBXVariantGroup section */
		A157188B22A2ED17005090A5 /* Main.storyboard */ = {
			isa = PBXVariantGroup;
			children = (
				A157188C22A2ED17005090A5 /* Base */,
			);
			name = Main.storyboard;
			sourceTree = "<group>";
		};
		A157189022A2ED1F005090A5 /* LaunchScreen.storyboard */ = {
			isa = PBXVariantGroup;
			children = (
				A157189122A2ED1F005090A5 /* Base */,
			);
			name = LaunchScreen.storyboard;
			sourceTree = "<group>";
		};
/* End PBXVariantGroup section */

/* Begin XCBuildConfiguration section */
		A15718AA22A2ED21005090A5 /* Debug */ = {
			isa = XCBuildConfiguration;
			buildSettings = {
				ALWAYS_SEARCH_USER_PATHS = NO;
				CLANG_ANALYZER_NONNULL = YES;
				CLANG_ANALYZER_NUMBER_OBJECT_CONVERSION = YES_AGGRESSIVE;
				CLANG_CXX_LANGUAGE_STANDARD = "gnu++14";
				CLANG_CXX_LIBRARY = "libc++";
				CLANG_ENABLE_MODULES = YES;
				CLANG_ENABLE_OBJC_ARC = YES;
				CLANG_ENABLE_OBJC_WEAK = YES;
				CLANG_WARN_BLOCK_CAPTURE_AUTORELEASING = YES;
				CLANG_WARN_BOOL_CONVERSION = YES;
				CLANG_WARN_COMMA = YES;
				CLANG_WARN_CONSTANT_CONVERSION = YES;
				CLANG_WARN_DEPRECATED_OBJC_IMPLEMENTATIONS = YES;
				CLANG_WARN_DIRECT_OBJC_ISA_USAGE = YES_ERROR;
				CLANG_WARN_DOCUMENTATION_COMMENTS = YES;
				CLANG_WARN_EMPTY_BODY = YES;
				CLANG_WARN_ENUM_CONVERSION = YES;
				CLANG_WARN_INFINITE_RECURSION = YES;
				CLANG_WARN_INT_CONVERSION = YES;
				CLANG_WARN_NON_LITERAL_NULL_CONVERSION = YES;
				CLANG_WARN_OBJC_IMPLICIT_RETAIN_SELF = YES;
				CLANG_WARN_OBJC_LITERAL_CONVERSION = YES;
				CLANG_WARN_OBJC_ROOT_CLASS = YES_ERROR;
				CLANG_WARN_RANGE_LOOP_ANALYSIS = YES;
				CLANG_WARN_STRICT_PROTOTYPES = YES;
				CLANG_WARN_SUSPICIOUS_MOVE = YES;
				CLANG_WARN_UNGUARDED_AVAILABILITY = YES_AGGRESSIVE;
				CLANG_WARN_UNREACHABLE_CODE = YES;
				CLANG_WARN__DUPLICATE_METHOD_MATCH = YES;
				CODE_SIGN_IDENTITY = "iPhone Developer";
				COPY_PHASE_STRIP = NO;
				DEBUG_INFORMATION_FORMAT = dwarf;
				ENABLE_STRICT_OBJC_MSGSEND = YES;
				ENABLE_TESTABILITY = YES;
				GCC_C_LANGUAGE_STANDARD = gnu11;
				GCC_DYNAMIC_NO_PIC = NO;
				GCC_NO_COMMON_BLOCKS = YES;
				GCC_OPTIMIZATION_LEVEL = 0;
				GCC_PREPROCESSOR_DEFINITIONS = (
					"DEBUG=1",
					"$(inherited)",
				);
				GCC_WARN_64_TO_32_BIT_CONVERSION = YES;
				GCC_WARN_ABOUT_RETURN_TYPE = YES_ERROR;
				GCC_WARN_UNDECLARED_SELECTOR = YES;
				GCC_WARN_UNINITIALIZED_AUTOS = YES_AGGRESSIVE;
				GCC_WARN_UNUSED_FUNCTION = YES;
				GCC_WARN_UNUSED_VARIABLE = YES;
				IPHONEOS_DEPLOYMENT_TARGET = 12.1;
				MTL_ENABLE_DEBUG_INFO = INCLUDE_SOURCE;
				MTL_FAST_MATH = YES;
				ONLY_ACTIVE_ARCH = YES;
				SDKROOT = iphoneos;
				SWIFT_ACTIVE_COMPILATION_CONDITIONS = DEBUG;
				SWIFT_OPTIMIZATION_LEVEL = "-Onone";
			};
			name = Debug;
		};
		A15718AB22A2ED21005090A5 /* Release */ = {
			isa = XCBuildConfiguration;
			buildSettings = {
				ALWAYS_SEARCH_USER_PATHS = NO;
				CLANG_ANALYZER_NONNULL = YES;
				CLANG_ANALYZER_NUMBER_OBJECT_CONVERSION = YES_AGGRESSIVE;
				CLANG_CXX_LANGUAGE_STANDARD = "gnu++14";
				CLANG_CXX_LIBRARY = "libc++";
				CLANG_ENABLE_MODULES = YES;
				CLANG_ENABLE_OBJC_ARC = YES;
				CLANG_ENABLE_OBJC_WEAK = YES;
				CLANG_WARN_BLOCK_CAPTURE_AUTORELEASING = YES;
				CLANG_WARN_BOOL_CONVERSION = YES;
				CLANG_WARN_COMMA = YES;
				CLANG_WARN_CONSTANT_CONVERSION = YES;
				CLANG_WARN_DEPRECATED_OBJC_IMPLEMENTATIONS = YES;
				CLANG_WARN_DIRECT_OBJC_ISA_USAGE = YES_ERROR;
				CLANG_WARN_DOCUMENTATION_COMMENTS = YES;
				CLANG_WARN_EMPTY_BODY = YES;
				CLANG_WARN_ENUM_CONVERSION = YES;
				CLANG_WARN_INFINITE_RECURSION = YES;
				CLANG_WARN_INT_CONVERSION = YES;
				CLANG_WARN_NON_LITERAL_NULL_CONVERSION = YES;
				CLANG_WARN_OBJC_IMPLICIT_RETAIN_SELF = YES;
				CLANG_WARN_OBJC_LITERAL_CONVERSION = YES;
				CLANG_WARN_OBJC_ROOT_CLASS = YES_ERROR;
				CLANG_WARN_RANGE_LOOP_ANALYSIS = YES;
				CLANG_WARN_STRICT_PROTOTYPES = YES;
				CLANG_WARN_SUSPICIOUS_MOVE = YES;
				CLANG_WARN_UNGUARDED_AVAILABILITY = YES_AGGRESSIVE;
				CLANG_WARN_UNREACHABLE_CODE = YES;
				CLANG_WARN__DUPLICATE_METHOD_MATCH = YES;
				CODE_SIGN_IDENTITY = "iPhone Developer";
				COPY_PHASE_STRIP = NO;
				DEBUG_INFORMATION_FORMAT = "dwarf-with-dsym";
				ENABLE_NS_ASSERTIONS = NO;
				ENABLE_STRICT_OBJC_MSGSEND = YES;
				GCC_C_LANGUAGE_STANDARD = gnu11;
				GCC_NO_COMMON_BLOCKS = YES;
				GCC_WARN_64_TO_32_BIT_CONVERSION = YES;
				GCC_WARN_ABOUT_RETURN_TYPE = YES_ERROR;
				GCC_WARN_UNDECLARED_SELECTOR = YES;
				GCC_WARN_UNINITIALIZED_AUTOS = YES_AGGRESSIVE;
				GCC_WARN_UNUSED_FUNCTION = YES;
				GCC_WARN_UNUSED_VARIABLE = YES;
				IPHONEOS_DEPLOYMENT_TARGET = 12.1;
				MTL_ENABLE_DEBUG_INFO = NO;
				MTL_FAST_MATH = YES;
				SDKROOT = iphoneos;
				SWIFT_COMPILATION_MODE = wholemodule;
				SWIFT_OPTIMIZATION_LEVEL = "-O";
				VALIDATE_PRODUCT = YES;
			};
			name = Release;
		};
		A15718AD22A2ED21005090A5 /* Debug */ = {
			isa = XCBuildConfiguration;
			buildSettings = {
				ASSETCATALOG_COMPILER_APPICON_NAME = AppIcon;
				CODE_SIGN_STYLE = Automatic;
				DEVELOPMENT_TEAM = 743J7J89D4;
				INFOPLIST_FILE = HW5/Info.plist;
				LD_RUNPATH_SEARCH_PATHS = (
					"$(inherited)",
					"@executable_path/Frameworks",
				);
				PRODUCT_BUNDLE_IDENTIFIER = Emily.HW5;
				PRODUCT_NAME = "$(TARGET_NAME)";
				SWIFT_VERSION = 4.2;
				TARGETED_DEVICE_FAMILY = "1,2";
			};
			name = Debug;
		};
		A15718AE22A2ED21005090A5 /* Release */ = {
			isa = XCBuildConfiguration;
			buildSettings = {
				ASSETCATALOG_COMPILER_APPICON_NAME = AppIcon;
				CODE_SIGN_STYLE = Automatic;
				DEVELOPMENT_TEAM = 743J7J89D4;
				INFOPLIST_FILE = HW5/Info.plist;
				LD_RUNPATH_SEARCH_PATHS = (
					"$(inherited)",
					"@executable_path/Frameworks",
				);
				PRODUCT_BUNDLE_IDENTIFIER = Emily.HW5;
				PRODUCT_NAME = "$(TARGET_NAME)";
				SWIFT_VERSION = 4.2;
				TARGETED_DEVICE_FAMILY = "1,2";
			};
			name = Release;
		};
		A15718B022A2ED21005090A5 /* Debug */ = {
			isa = XCBuildConfiguration;
			buildSettings = {
				ALWAYS_EMBED_SWIFT_STANDARD_LIBRARIES = YES;
				BUNDLE_LOADER = "$(TEST_HOST)";
				CODE_SIGN_STYLE = Automatic;
				DEVELOPMENT_TEAM = 743J7J89D4;
				INFOPLIST_FILE = HW5Tests/Info.plist;
				LD_RUNPATH_SEARCH_PATHS = (
					"$(inherited)",
					"@executable_path/Frameworks",
					"@loader_path/Frameworks",
				);
				PRODUCT_BUNDLE_IDENTIFIER = Emily.HW5Tests;
				PRODUCT_NAME = "$(TARGET_NAME)";
				SWIFT_VERSION = 4.2;
				TARGETED_DEVICE_FAMILY = "1,2";
				TEST_HOST = "$(BUILT_PRODUCTS_DIR)/HW5.app/HW5";
			};
			name = Debug;
		};
		A15718B122A2ED21005090A5 /* Release */ = {
			isa = XCBuildConfiguration;
			buildSettings = {
				ALWAYS_EMBED_SWIFT_STANDARD_LIBRARIES = YES;
				BUNDLE_LOADER = "$(TEST_HOST)";
				CODE_SIGN_STYLE = Automatic;
				DEVELOPMENT_TEAM = 743J7J89D4;
				INFOPLIST_FILE = HW5Tests/Info.plist;
				LD_RUNPATH_SEARCH_PATHS = (
					"$(inherited)",
					"@executable_path/Frameworks",
					"@loader_path/Frameworks",
				);
				PRODUCT_BUNDLE_IDENTIFIER = Emily.HW5Tests;
				PRODUCT_NAME = "$(TARGET_NAME)";
				SWIFT_VERSION = 4.2;
				TARGETED_DEVICE_FAMILY = "1,2";
				TEST_HOST = "$(BUILT_PRODUCTS_DIR)/HW5.app/HW5";
			};
			name = Release;
		};
		A15718B322A2ED21005090A5 /* Debug */ = {
			isa = XCBuildConfiguration;
			buildSettings = {
				ALWAYS_EMBED_SWIFT_STANDARD_LIBRARIES = YES;
				CODE_SIGN_STYLE = Automatic;
				DEVELOPMENT_TEAM = 743J7J89D4;
				INFOPLIST_FILE = HW5UITests/Info.plist;
				LD_RUNPATH_SEARCH_PATHS = (
					"$(inherited)",
					"@executable_path/Frameworks",
					"@loader_path/Frameworks",
				);
				PRODUCT_BUNDLE_IDENTIFIER = Emily.HW5UITests;
				PRODUCT_NAME = "$(TARGET_NAME)";
				SWIFT_VERSION = 4.2;
				TARGETED_DEVICE_FAMILY = "1,2";
				TEST_TARGET_NAME = HW5;
			};
			name = Debug;
		};
		A15718B422A2ED21005090A5 /* Release */ = {
			isa = XCBuildConfiguration;
			buildSettings = {
				ALWAYS_EMBED_SWIFT_STANDARD_LIBRARIES = YES;
				CODE_SIGN_STYLE = Automatic;
				DEVELOPMENT_TEAM = 743J7J89D4;
				INFOPLIST_FILE = HW5UITests/Info.plist;
				LD_RUNPATH_SEARCH_PATHS = (
					"$(inherited)",
					"@executable_path/Frameworks",
					"@loader_path/Frameworks",
				);
				PRODUCT_BUNDLE_IDENTIFIER = Emily.HW5UITests;
				PRODUCT_NAME = "$(TARGET_NAME)";
				SWIFT_VERSION = 4.2;
				TARGETED_DEVICE_FAMILY = "1,2";
				TEST_TARGET_NAME = HW5;
			};
			name = Release;
		};
/* End XCBuildConfiguration section */

/* Begin XCConfigurationList section */
		A157187F22A2ED17005090A5 /* Build configuration list for PBXProject "HW5" */ = {
			isa = XCConfigurationList;
			buildConfigurations = (
				A15718AA22A2ED21005090A5 /* Debug */,
				A15718AB22A2ED21005090A5 /* Release */,
			);
			defaultConfigurationIsVisible = 0;
			defaultConfigurationName = Release;
		};
		A15718AC22A2ED21005090A5 /* Build configuration list for PBXNativeTarget "HW5" */ = {
			isa = XCConfigurationList;
			buildConfigurations = (
				A15718AD22A2ED21005090A5 /* Debug */,
				A15718AE22A2ED21005090A5 /* Release */,
			);
			defaultConfigurationIsVisible = 0;
			defaultConfigurationName = Release;
		};
		A15718AF22A2ED21005090A5 /* Build configuration list for PBXNativeTarget "HW5Tests" */ = {
			isa = XCConfigurationList;
			buildConfigurations = (
				A15718B022A2ED21005090A5 /* Debug */,
				A15718B122A2ED21005090A5 /* Release */,
			);
			defaultConfigurationIsVisible = 0;
			defaultConfigurationName = Release;
		};
		A15718B222A2ED21005090A5 /* Build configuration list for PBXNativeTarget "HW5UITests" */ = {
			isa = XCConfigurationList;
			buildConfigurations = (
				A15718B322A2ED21005090A5 /* Debug */,
				A15718B422A2ED21005090A5 /* Release */,
			);
			defaultConfigurationIsVisible = 0;
			defaultConfigurationName = Release;
		};
/* End XCConfigurationList section */
	};
	rootObject = A157187C22A2ED17005090A5 /* Project object */;
}
